
Microsoft Visual Studio Solution File, Format Version 12.00
# Visual Studio 15
VisualStudioVersion = 15.0.27703.2026
MinimumVisualStudioVersion = 10.0.40219.1
Project("{FAE04EC0-301F-11D3-BF4B-00C04F79EFBC}") = "The Number Game", "The Number Game\The Number Game.csproj", "{A9C3E6B1-CFAF-47B6-BB12-754AC4C34DA7}"
EndProject
Global
	GlobalSection(SolutionConfigurationPlatforms) = preSolution
		Debug|Any CPU = Debug|Any CPU
		Release|Any CPU = Release|Any CPU
	EndGlobalSection
	GlobalSection(ProjectConfigurationPlatforms) = postSolution
		{A9C3E6B1-CFAF-47B6-BB12-754AC4C34DA7}.Debug|Any CPU.ActiveCfg = Debug|Any CPU
		{A9C3E6B1-CFAF-47B6-BB12-754AC4C34DA7}.Debug|Any CPU.Build.0 = Debug|Any CPU
		{A9C3E6B1-CFAF-47B6-BB12-754AC4C34DA7}.Release|Any CPU.ActiveCfg = Release|Any CPU
		{A9C3E6B1-CFAF-47B6-BB12-754AC4C34DA7}.Release|Any CPU.Build.0 = Release|Any CPU
	EndGlobalSection
	GlobalSection(SolutionProperties) = preSolution
		HideSolutionNode = FALSE
	EndGlobalSection
	GlobalSection(ExtensibilityGlobals) = postSolution
		SolutionGuid = {149333D6-09E2-4695-8CA4-560F81015456}
	EndGlobalSection
EndGlobal
