
Microsoft Visual Studio Solution File, Format Version 12.00
# Visual Studio 15
VisualStudioVersion = 15.0.27703.2026
MinimumVisualStudioVersion = 10.0.40219.1
Project("{FAE04EC0-301F-11D3-BF4B-00C04F79EFBC}") = "O and X", "O and X\O and X.csproj", "{0B3C4BC0-06BC-45E9-8091-98B759B14826}"
EndProject
Global
	GlobalSection(SolutionConfigurationPlatforms) = preSolution
		Debug|Any CPU = Debug|Any CPU
		Release|Any CPU = Release|Any CPU
	EndGlobalSection
	GlobalSection(ProjectConfigurationPlatforms) = postSolution
		{0B3C4BC0-06BC-45E9-8091-98B759B14826}.Debug|Any CPU.ActiveCfg = Debug|Any CPU
		{0B3C4BC0-06BC-45E9-8091-98B759B14826}.Debug|Any CPU.Build.0 = Debug|Any CPU
		{0B3C4BC0-06BC-45E9-8091-98B759B14826}.Release|Any CPU.ActiveCfg = Release|Any CPU
		{0B3C4BC0-06BC-45E9-8091-98B759B14826}.Release|Any CPU.Build.0 = Release|Any CPU
	EndGlobalSection
	GlobalSection(SolutionProperties) = preSolution
		HideSolutionNode = FALSE
	EndGlobalSection
	GlobalSection(ExtensibilityGlobals) = postSolution
		SolutionGuid = {9EC9FCBC-FD3E-4DF6-8230-FC00F55EA26D}
	EndGlobalSection
EndGlobal
